<?xml version="1.0" encoding="utf-8"?>
<Project ToolsVersion="4.0" xmlns="http://schemas.microsoft.com/developer/msbuild/2003">
  <ItemGroup>
    <ClCompile Include="main.cpp" />
    <ClCompile Include="DirectX12\Device.cpp" />
    <ClCompile Include="DirectX12\CommandList.cpp" />
    <ClCompile Include="DirectX12\Shader.cpp" />
    <ClCompile Include="DirectX12\Resource\ResourceBase.cpp" />
    <ClCompile Include="DirectX12\Resource\UploadResource.cpp" />
    <ClCompile Include="DirectX12\Resource\VertexBufferResource.cpp" />
    <ClCompile Include="DirectX12\RootSignature.cpp" />
    <ClCompile Include="DirectX12\PipelineState.cpp" />
    <ClCompile Include="DirectX12\Resource\ConstantBufferResource.cpp" />
    <ClCompile Include="DirectX12\DoubleBuffer.cpp" />
    <ClCompile Include="DirectX12\Resource\DepthStencilBufferResource.cpp" />
  </ItemGroup>
  <ItemGroup>
    <ClInclude Include="Window.hpp" />
    <ClInclude Include="DirectX12\Device.hpp" />
    <ClInclude Include="DirectX12\CommandList.hpp" />
    <ClInclude Include="DirectX12\DescriptorHeap\DescriptorHeapViewType.hpp" />
    <ClInclude Include="DirectX12\DescriptorHeap\DescriptorHeap.hpp" />
    <ClInclude Include="DirectX12\DescriptorHeap\DescriptorHeapType.hpp" />
    <ClInclude Include="DirectX12\DescriptorHeap\CreateViewFunction.hpp" />
    <ClInclude Include="DirectX12\Shader.hpp" />
    <ClInclude Include="DirectX12\Resource\ResourceBase.hpp" />
    <ClInclude Include="DirectX12\Resource\UploadResource.hpp" />
    <ClInclude Include="DirectX12\Resource\VertexBufferResource.hpp" />
    <ClInclude Include="DirectX12\Utility.hpp" />
    <ClInclude Include="DirectX12\RootSignature.hpp" />
    <ClInclude Include="DirectX12\PipelineState.hpp" />
    <ClInclude Include="DirectX12\Resource\ConstantBufferResource.hpp" />
    <ClInclude Include="DirectX12\FBXModel.hpp" />
    <ClInclude Include="DirectX12\DoubleBuffer.hpp" />
    <ClInclude Include="DirectX12\Resource\DoubleBufferResource.hpp" />
    <ClInclude Include="DirectX12\Resource\DepthStencilBufferResource.hpp" />
  </ItemGroup>
  <ItemGroup>
    <FxCompile Include="ShaderFile\VertexShader.hlsl" />
    <FxCompile Include="ShaderFile\PixelShader.hlsl" />
  </ItemGroup>
  <ItemGroup>
    <None Include="ShaderFile\Header.hlsli" />
  </ItemGroup>
</Project>