
Microsoft Visual Studio Solution File, Format Version 12.00
# Visual Studio Version 16
VisualStudioVersion = 16.0.31005.135
MinimumVisualStudioVersion = 10.0.40219.1
Project("{8BC9CEB8-8B4A-11D0-8D11-00A0C91BC942}") = "src", "src\src.vcxproj", "{AF69678C-8952-4E15-A5B6-8FB0C1109790}"
EndProject
Global
	GlobalSection(SolutionConfigurationPlatforms) = preSolution
		Debug|x64 = Debug|x64
		Debug|x86 = Debug|x86
		Release|x64 = Release|x64
		Release|x86 = Release|x86
	EndGlobalSection
	GlobalSection(ProjectConfigurationPlatforms) = postSolution
		{AF69678C-8952-4E15-A5B6-8FB0C1109790}.Debug|x64.ActiveCfg = Debug|x64
		{AF69678C-8952-4E15-A5B6-8FB0C1109790}.Debug|x64.Build.0 = Debug|x64
		{AF69678C-8952-4E15-A5B6-8FB0C1109790}.Debug|x86.ActiveCfg = Debug|Win32
		{AF69678C-8952-4E15-A5B6-8FB0C1109790}.Debug|x86.Build.0 = Debug|Win32
		{AF69678C-8952-4E15-A5B6-8FB0C1109790}.Release|x64.ActiveCfg = Release|x64
		{AF69678C-8952-4E15-A5B6-8FB0C1109790}.Release|x64.Build.0 = Release|x64
		{AF69678C-8952-4E15-A5B6-8FB0C1109790}.Release|x86.ActiveCfg = Release|Win32
		{AF69678C-8952-4E15-A5B6-8FB0C1109790}.Release|x86.Build.0 = Release|Win32
	EndGlobalSection
	GlobalSection(SolutionProperties) = preSolution
		HideSolutionNode = FALSE
	EndGlobalSection
	GlobalSection(ExtensibilityGlobals) = postSolution
		SolutionGuid = {E5E41B23-44E2-42C0-B246-CD955D5D5D40}
	EndGlobalSection
EndGlobal
